// !$*UTF8*$!
{
	archiveVersion = 1;
	classes = {
	};
	objectVersion = 46;
	objects = {

/* Begin PBXBuildFile section */
		FE95CB971C7B5D0200E79018 /* AppDelegate.swift in Sources */ = {isa = PBXBuildFile; fileRef = FE95CB961C7B5D0200E79018 /* AppDelegate.swift */; };
		FE95CB991C7B5D0200E79018 /* MasterViewController.swift in Sources */ = {isa = PBXBuildFile; fileRef = FE95CB981C7B5D0200E79018 /* MasterViewController.swift */; };
		FE95CB9B1C7B5D0200E79018 /* DetailViewController.swift in Sources */ = {isa = PBXBuildFile; fileRef = FE95CB9A1C7B5D0200E79018 /* DetailViewController.swift */; };
		FE95CB9E1C7B5D0200E79018 /* Main.storyboard in Resources */ = {isa = PBXBuildFile; fileRef = FE95CB9C1C7B5D0200E79018 /* Main.storyboard */; };
		FE95CBA01C7B5D0200E79018 /* Assets.xcassets in Resources */ = {isa = PBXBuildFile; fileRef = FE95CB9F1C7B5D0200E79018 /* Assets.xcassets */; };
		FE95CBA31C7B5D0200E79018 /* LaunchScreen.storyboard in Resources */ = {isa = PBXBuildFile; fileRef = FE95CBA11C7B5D0200E79018 /* LaunchScreen.storyboard */; };
		FE95CBAB1C7B640C00E79018 /* SwiftyJSON.swift in Sources */ = {isa = PBXBuildFile; fileRef = FE95CBAA1C7B640C00E79018 /* SwiftyJSON.swift */; };
/* End PBXBuildFile section */

/* Begin PBXFileReference section */
		FE95CB931C7B5D0200E79018 /* Project 9.app */ = {isa = PBXFileReference; explicitFileType = wrapper.application; includeInIndex = 0; path = "Project 9.app"; sourceTree = BUILT_PRODUCTS_DIR; };
		FE95CB961C7B5D0200E79018 /* AppDelegate.swift */ = {isa = PBXFileReference; lastKnownFileType = sourcecode.swift; path = AppDelegate.swift; sourceTree = "<group>"; };
		FE95CB981C7B5D0200E79018 /* MasterViewController.swift */ = {isa = PBXFileReference; lastKnownFileType = sourcecode.swift; path = MasterViewController.swift; sourceTree = "<group>"; };
		FE95CB9A1C7B5D0200E79018 /* DetailViewController.swift */ = {isa = PBXFileReference; lastKnownFileType = sourcecode.swift; path = DetailViewController.swift; sourceTree = "<group>"; };
		FE95CB9D1C7B5D0200E79018 /* Base */ = {isa = PBXFileReference; lastKnownFileType = file.storyboard; name = Base; path = Base.lproj/Main.storyboard; sourceTree = "<group>"; };
		FE95CB9F1C7B5D0200E79018 /* Assets.xcassets */ = {isa = PBXFileReference; lastKnownFileType = folder.assetcatalog; path = Assets.xcassets; sourceTree = "<group>"; };
		FE95CBA21C7B5D0200E79018 /* Base */ = {isa = PBXFileReference; lastKnownFileType = file.storyboard; name = Base; path = Base.lproj/LaunchScreen.storyboard; sourceTree = "<group>"; };
		FE95CBA41C7B5D0200E79018 /* Info.plist */ = {isa = PBXFileReference; lastKnownFileType = text.plist.xml; path = Info.plist; sourceTree = "<group>"; };
		FE95CBAA1C7B640C00E79018 /* SwiftyJSON.swift */ = {isa = PBXFileReference; fileEncoding = 4; lastKnownFileType = sourcecode.swift; path = SwiftyJSON.swift; sourceTree = "<group>"; };
/* End PBXFileReference section */

/* Begin PBXFrameworksBuildPhase section */
		FE95CB901C7B5D0200E79018 /* Frameworks */ = {
			isa = PBXFrameworksBuildPhase;
			buildActionMask = 2147483647;
			files = (
			);
			runOnlyForDeploymentPostprocessing = 0;
		};
/* End PBXFrameworksBuildPhase section */

/* Begin PBXGroup section */
		FE95CB8A1C7B5D0200E79018 = {
			isa = PBXGroup;
			children = (
				FE95CB951C7B5D0200E79018 /* Project 7 */,
				FE95CB941C7B5D0200E79018 /* Products */,
			);
			sourceTree = "<group>";
		};
		FE95CB941C7B5D0200E79018 /* Products */ = {
			isa = PBXGroup;
			children = (
				FE95CB931C7B5D0200E79018 /* Project 9.app */,
			);
			name = Products;
			sourceTree = "<group>";
		};
		FE95CB951C7B5D0200E79018 /* Project 7 */ = {
			isa = PBXGroup;
			children = (
				FE95CB961C7B5D0200E79018 /* AppDelegate.swift */,
				FE95CB981C7B5D0200E79018 /* MasterViewController.swift */,
				FE95CB9A1C7B5D0200E79018 /* DetailViewController.swift */,
				FE95CB9C1C7B5D0200E79018 /* Main.storyboard */,
				FE95CBAA1C7B640C00E79018 /* SwiftyJSON.swift */,
				FE95CB9F1C7B5D0200E79018 /* Assets.xcassets */,
				FE95CBA11C7B5D0200E79018 /* LaunchScreen.storyboard */,
				FE95CBA41C7B5D0200E79018 /* Info.plist */,
			);
			path = "Project 7";
			sourceTree = "<group>";
		};
/* End PBXGroup section */

/* Begin PBXNativeTarget section */
		FE95CB921C7B5D0200E79018 /* Project 9 */ = {
			isa = PBXNativeTarget;
			buildConfigurationList = FE95CBA71C7B5D0200E79018 /* Build configuration list for PBXNativeTarget "Project 9" */;
			buildPhases = (
				FE95CB8F1C7B5D0200E79018 /* Sources */,
				FE95CB901C7B5D0200E79018 /* Frameworks */,
				FE95CB911C7B5D0200E79018 /* Resources */,
			);
			buildRules = (
			);
			dependencies = (
			);
			name = "Project 9";
			productName = "Project 7";
			productReference = FE95CB931C7B5D0200E79018 /* Project 9.app */;
			productType = "com.apple.product-type.application";
		};
/* End PBXNativeTarget section */

/* Begin PBXProject section */
		FE95CB8B1C7B5D0200E79018 /* Project object */ = {
			isa = PBXProject;
			attributes = {
				LastSwiftUpdateCheck = 0720;
				LastUpgradeCheck = 0720;
				ORGANIZATIONNAME = "Tendai Prince Dzonga";
				TargetAttributes = {
					FE95CB921C7B5D0200E79018 = {
						CreatedOnToolsVersion = 7.2.1;
					};
				};
			};
			buildConfigurationList = FE95CB8E1C7B5D0200E79018 /* Build configuration list for PBXProject "Project 9" */;
			compatibilityVersion = "Xcode 3.2";
			developmentRegion = English;
			hasScannedForEncodings = 0;
			knownRegions = (
				en,
				Base,
			);
			mainGroup = FE95CB8A1C7B5D0200E79018;
			productRefGroup = FE95CB941C7B5D0200E79018 /* Products */;
			projectDirPath = "";
			projectRoot = "";
			targets = (
				FE95CB921C7B5D0200E79018 /* Project 9 */,
			);
		};
/* End PBXProject section */

/* Begin PBXResourcesBuildPhase section */
		FE95CB911C7B5D0200E79018 /* Resources */ = {
			isa = PBXResourcesBuildPhase;
			buildActionMask = 2147483647;
			files = (
				FE95CBA31C7B5D0200E79018 /* LaunchScreen.storyboard in Resources */,
				FE95CBA01C7B5D0200E79018 /* Assets.xcassets in Resources */,
				FE95CB9E1C7B5D0200E79018 /* Main.storyboard in Resources */,
			);
			runOnlyForDeploymentPostprocessing = 0;
		};
/* End PBXResourcesBuildPhase section */

/* Begin PBXSourcesBuildPhase section */
		FE95CB8F1C7B5D0200E79018 /* Sources */ = {
			isa = PBXSourcesBuildPhase;
			buildActionMask = 2147483647;
			files = (
				FE95CB9B1C7B5D0200E79018 /* DetailViewController.swift in Sources */,
				FE95CB991C7B5D0200E79018 /* MasterViewController.swift in Sources */,
				FE95CB971C7B5D0200E79018 /* AppDelegate.swift in Sources */,
				FE95CBAB1C7B640C00E79018 /* SwiftyJSON.swift in Sources */,
			);
			runOnlyForDeploymentPostprocessing = 0;
		};
/* End PBXSourcesBuildPhase section */

/* Begin PBXVariantGroup section */
		FE95CB9C1C7B5D0200E79018 /* Main.storyboard */ = {
			isa = PBXVariantGroup;
			children = (
				FE95CB9D1C7B5D0200E79018 /* Base */,
			);
			name = Main.storyboard;
			sourceTree = "<group>";
		};
		FE95CBA11C7B5D0200E79018 /* LaunchScreen.storyboard */ = {
			isa = PBXVariantGroup;
			children = (
				FE95CBA21C7B5D0200E79018 /* Base */,
			);
			name = LaunchScreen.storyboard;
			sourceTree = "<group>";
		};
/* End PBXVariantGroup section */

/* Begin XCBuildConfiguration section */
		FE95CBA51C7B5D0200E79018 /* Debug */ = {
			isa = XCBuildConfiguration;
			buildSettings = {
				ALWAYS_SEARCH_USER_PATHS = NO;
				CLANG_CXX_LANGUAGE_STANDARD = "gnu++0x";
				CLANG_CXX_LIBRARY = "libc++";
				CLANG_ENABLE_MODULES = YES;
				CLANG_ENABLE_OBJC_ARC = YES;
				CLANG_WARN_BOOL_CONVERSION = YES;
				CLANG_WARN_CONSTANT_CONVERSION = YES;
				CLANG_WARN_DIRECT_OBJC_ISA_USAGE = YES_ERROR;
				CLANG_WARN_EMPTY_BODY = YES;
				CLANG_WARN_ENUM_CONVERSION = YES;
				CLANG_WARN_INT_CONVERSION = YES;
				CLANG_WARN_OBJC_ROOT_CLASS = YES_ERROR;
				CLANG_WARN_UNREACHABLE_CODE = YES;
				CLANG_WARN__DUPLICATE_METHOD_MATCH = YES;
				"CODE_SIGN_IDENTITY[sdk=iphoneos*]" = "iPhone Developer";
				COPY_PHASE_STRIP = NO;
				DEBUG_INFORMATION_FORMAT = dwarf;
				ENABLE_STRICT_OBJC_MSGSEND = YES;
				ENABLE_TESTABILITY = YES;
				GCC_C_LANGUAGE_STANDARD = gnu99;
				GCC_DYNAMIC_NO_PIC = NO;
				GCC_NO_COMMON_BLOCKS = YES;
				GCC_OPTIMIZATION_LEVEL = 0;
				GCC_PREPROCESSOR_DEFINITIONS = (
					"DEBUG=1",
					"$(inherited)",
				);
				GCC_WARN_64_TO_32_BIT_CONVERSION = YES;
				GCC_WARN_ABOUT_RETURN_TYPE = YES_ERROR;
				GCC_WARN_UNDECLARED_SELECTOR = YES;
				GCC_WARN_UNINITIALIZED_AUTOS = YES_AGGRESSIVE;
				GCC_WARN_UNUSED_FUNCTION = YES;
				GCC_WARN_UNUSED_VARIABLE = YES;
				IPHONEOS_DEPLOYMENT_TARGET = 9.2;
				MTL_ENABLE_DEBUG_INFO = YES;
				ONLY_ACTIVE_ARCH = YES;
				SDKROOT = iphoneos;
				SWIFT_OPTIMIZATION_LEVEL = "-Onone";
				TARGETED_DEVICE_FAMILY = 2;
			};
			name = Debug;
		};
		FE95CBA61C7B5D0200E79018 /* Release */ = {
			isa = XCBuildConfiguration;
			buildSettings = {
				ALWAYS_SEARCH_USER_PATHS = NO;
				CLANG_CXX_LANGUAGE_STANDARD = "gnu++0x";
				CLANG_CXX_LIBRARY = "libc++";
				CLANG_ENABLE_MODULES = YES;
				CLANG_ENABLE_OBJC_ARC = YES;
				CLANG_WARN_BOOL_CONVERSION = YES;
				CLANG_WARN_CONSTANT_CONVERSION = YES;
				CLANG_WARN_DIRECT_OBJC_ISA_USAGE = YES_ERROR;
				CLANG_WARN_EMPTY_BODY = YES;
				CLANG_WARN_ENUM_CONVERSION = YES;
				CLANG_WARN_INT_CONVERSION = YES;
				CLANG_WARN_OBJC_ROOT_CLASS = YES_ERROR;
				CLANG_WARN_UNREACHABLE_CODE = YES;
				CLANG_WARN__DUPLICATE_METHOD_MATCH = YES;
				"CODE_SIGN_IDENTITY[sdk=iphoneos*]" = "iPhone Developer";
				COPY_PHASE_STRIP = NO;
				DEBUG_INFORMATION_FORMAT = "dwarf-with-dsym";
				ENABLE_NS_ASSERTIONS = NO;
				ENABLE_STRICT_OBJC_MSGSEND = YES;
				GCC_C_LANGUAGE_STANDARD = gnu99;
				GCC_NO_COMMON_BLOCKS = YES;
				GCC_WARN_64_TO_32_BIT_CONVERSION = YES;
				GCC_WARN_ABOUT_RETURN_TYPE = YES_ERROR;
				GCC_WARN_UNDECLARED_SELECTOR = YES;
				GCC_WARN_UNINITIALIZED_AUTOS = YES_AGGRESSIVE;
				GCC_WARN_UNUSED_FUNCTION = YES;
				GCC_WARN_UNUSED_VARIABLE = YES;
				IPHONEOS_DEPLOYMENT_TARGET = 9.2;
				MTL_ENABLE_DEBUG_INFO = NO;
				SDKROOT = iphoneos;
				TARGETED_DEVICE_FAMILY = 2;
				VALIDATE_PRODUCT = YES;
			};
			name = Release;
		};
		FE95CBA81C7B5D0200E79018 /* Debug */ = {
			isa = XCBuildConfiguration;
			buildSettings = {
				ASSETCATALOG_COMPILER_APPICON_NAME = AppIcon;
				INFOPLIST_FILE = "Project 7/Info.plist";
				LD_RUNPATH_SEARCH_PATHS = "$(inherited) @executable_path/Frameworks";
				PRODUCT_BUNDLE_IDENTIFIER = "Dzonga-Prince.hackingWithSwift.Project-7";
				PRODUCT_NAME = "Project 9";
			};
			name = Debug;
		};
		FE95CBA91C7B5D0200E79018 /* Release */ = {
			isa = XCBuildConfiguration;
			buildSettings = {
				ASSETCATALOG_COMPILER_APPICON_NAME = AppIcon;
				INFOPLIST_FILE = "Project 7/Info.plist";
				LD_RUNPATH_SEARCH_PATHS = "$(inherited) @executable_path/Frameworks";
				PRODUCT_BUNDLE_IDENTIFIER = "Dzonga-Prince.hackingWithSwift.Project-7";
				PRODUCT_NAME = "Project 9";
			};
			name = Release;
		};
/* End XCBuildConfiguration section */

/* Begin XCConfigurationList section */
		FE95CB8E1C7B5D0200E79018 /* Build configuration list for PBXProject "Project 9" */ = {
			isa = XCConfigurationList;
			buildConfigurations = (
				FE95CBA51C7B5D0200E79018 /* Debug */,
				FE95CBA61C7B5D0200E79018 /* Release */,
			);
			defaultConfigurationIsVisible = 0;
			defaultConfigurationName = Release;
		};
		FE95CBA71C7B5D0200E79018 /* Build configuration list for PBXNativeTarget "Project 9" */ = {
			isa = XCConfigurationList;
			buildConfigurations = (
				FE95CBA81C7B5D0200E79018 /* Debug */,
				FE95CBA91C7B5D0200E79018 /* Release */,
			);
			defaultConfigurationIsVisible = 0;
			defaultConfigurationName = Release;
		};
/* End XCConfigurationList section */
	};
	rootObject = FE95CB8B1C7B5D0200E79018 /* Project object */;
}
